
Microsoft Visual Studio Solution File, Format Version 12.00
# Visual Studio 15
VisualStudioVersion = 15.0.28010.2016
MinimumVisualStudioVersion = 10.0.40219.1
Project("{8BC9CEB8-8B4A-11D0-8D11-00A0C91BC942}") = "MinesweeperSolver", "MinesweeperSolver\MinesweeperSolver.vcxproj", "{7C9FED28-C7A7-48D1-A1EA-1C30A39F6388}"
EndProject
Global
	GlobalSection(SolutionConfigurationPlatforms) = preSolution
		Debug|x64 = Debug|x64
		Debug|x86 = Debug|x86
		Release|x64 = Release|x64
		Release|x86 = Release|x86
	EndGlobalSection
	GlobalSection(ProjectConfigurationPlatforms) = postSolution
		{7C9FED28-C7A7-48D1-A1EA-1C30A39F6388}.Debug|x64.ActiveCfg = Debug|x64
		{7C9FED28-C7A7-48D1-A1EA-1C30A39F6388}.Debug|x64.Build.0 = Debug|x64
		{7C9FED28-C7A7-48D1-A1EA-1C30A39F6388}.Debug|x86.ActiveCfg = Debug|Win32
		{7C9FED28-C7A7-48D1-A1EA-1C30A39F6388}.Debug|x86.Build.0 = Debug|Win32
		{7C9FED28-C7A7-48D1-A1EA-1C30A39F6388}.Release|x64.ActiveCfg = Release|x64
		{7C9FED28-C7A7-48D1-A1EA-1C30A39F6388}.Release|x64.Build.0 = Release|x64
		{7C9FED28-C7A7-48D1-A1EA-1C30A39F6388}.Release|x86.ActiveCfg = Release|Win32
		{7C9FED28-C7A7-48D1-A1EA-1C30A39F6388}.Release|x86.Build.0 = Release|Win32
	EndGlobalSection
	GlobalSection(SolutionProperties) = preSolution
		HideSolutionNode = FALSE
	EndGlobalSection
	GlobalSection(ExtensibilityGlobals) = postSolution
		SolutionGuid = {EE7BB0A4-4BEF-4EBC-8807-90DE65E4B5E0}
	EndGlobalSection
EndGlobal
